
Microsoft Visual Studio Solution File, Format Version 12.00
# Visual Studio Version 16
VisualStudioVersion = 16.0.29001.49
MinimumVisualStudioVersion = 10.0.40219.1
Project("{FAE04EC0-301F-11D3-BF4B-00C04F79EFBC}") = "EPOS", "EPOS\EPOS.csproj", "{42B49F0C-6DD0-4956-9DBE-974D064EC515}"
EndProject
Global
	GlobalSection(SolutionConfigurationPlatforms) = preSolution
		Debug|Any CPU = Debug|Any CPU
		Release|Any CPU = Release|Any CPU
	EndGlobalSection
	GlobalSection(ProjectConfigurationPlatforms) = postSolution
		{42B49F0C-6DD0-4956-9DBE-974D064EC515}.Debug|Any CPU.ActiveCfg = Debug|Any CPU
		{42B49F0C-6DD0-4956-9DBE-974D064EC515}.Debug|Any CPU.Build.0 = Debug|Any CPU
		{42B49F0C-6DD0-4956-9DBE-974D064EC515}.Release|Any CPU.ActiveCfg = Release|Any CPU
		{42B49F0C-6DD0-4956-9DBE-974D064EC515}.Release|Any CPU.Build.0 = Release|Any CPU
	EndGlobalSection
	GlobalSection(SolutionProperties) = preSolution
		HideSolutionNode = FALSE
	EndGlobalSection
	GlobalSection(ExtensibilityGlobals) = postSolution
		SolutionGuid = {E2EB7194-FDAF-41F0-B635-CC60856E26AB}
	EndGlobalSection
EndGlobal
